
Microsoft Visual Studio Solution File, Format Version 12.00
# Visual Studio 2012
Project("{FAE04EC0-301F-11D3-BF4B-00C04F79EFBC}") = "Steganography", "Steganography\Steganography.csproj", "{B089B7CB-4878-4E4B-83C5-796A4E152CDA}"
EndProject
Global
	GlobalSection(SolutionConfigurationPlatforms) = preSolution
		Debug|Any CPU = Debug|Any CPU
		Release|Any CPU = Release|Any CPU
	EndGlobalSection
	GlobalSection(ProjectConfigurationPlatforms) = postSolution
		{B089B7CB-4878-4E4B-83C5-796A4E152CDA}.Debug|Any CPU.ActiveCfg = Debug|Any CPU
		{B089B7CB-4878-4E4B-83C5-796A4E152CDA}.Debug|Any CPU.Build.0 = Debug|Any CPU
		{B089B7CB-4878-4E4B-83C5-796A4E152CDA}.Release|Any CPU.ActiveCfg = Release|Any CPU
		{B089B7CB-4878-4E4B-83C5-796A4E152CDA}.Release|Any CPU.Build.0 = Release|Any CPU
	EndGlobalSection
EndGlobal
